// !$*UTF8*$!
{
	archiveVersion = 1;
	classes = {
	};
	objectVersion = 46;
	objects = {

/* Begin PBXBuildFile section */
		3FF7C8AB1BFE6086000DFE01 /* AppDelegate.swift in Sources */ = {isa = PBXBuildFile; fileRef = 3FF7C8AA1BFE6086000DFE01 /* AppDelegate.swift */; };
		3FF7C8AD1BFE6086000DFE01 /* ViewController.swift in Sources */ = {isa = PBXBuildFile; fileRef = 3FF7C8AC1BFE6086000DFE01 /* ViewController.swift */; };
		3FF7C8B01BFE6086000DFE01 /* Main.storyboard in Resources */ = {isa = PBXBuildFile; fileRef = 3FF7C8AE1BFE6086000DFE01 /* Main.storyboard */; };
		3FF7C8B21BFE6086000DFE01 /* Images.xcassets in Resources */ = {isa = PBXBuildFile; fileRef = 3FF7C8B11BFE6086000DFE01 /* Images.xcassets */; };
		3FF7C8B51BFE6086000DFE01 /* LaunchScreen.xib in Resources */ = {isa = PBXBuildFile; fileRef = 3FF7C8B31BFE6086000DFE01 /* LaunchScreen.xib */; };
		3FF7C8C11BFE6086000DFE01 /* HangmanTests.swift in Sources */ = {isa = PBXBuildFile; fileRef = 3FF7C8C01BFE6086000DFE01 /* HangmanTests.swift */; };
		3FF7C8CB1BFF7CF4000DFE01 /* NextViewController.swift in Sources */ = {isa = PBXBuildFile; fileRef = 3FF7C8CA1BFF7CF4000DFE01 /* NextViewController.swift */; };
/* End PBXBuildFile section */

/* Begin PBXContainerItemProxy section */
		3FF7C8BB1BFE6086000DFE01 /* PBXContainerItemProxy */ = {
			isa = PBXContainerItemProxy;
			containerPortal = 3FF7C89D1BFE6086000DFE01 /* Project object */;
			proxyType = 1;
			remoteGlobalIDString = 3FF7C8A41BFE6086000DFE01;
			remoteInfo = Hangman;
		};
/* End PBXContainerItemProxy section */

/* Begin PBXFileReference section */
		3FF7C8A51BFE6086000DFE01 /* Hangman.app */ = {isa = PBXFileReference; explicitFileType = wrapper.application; includeInIndex = 0; path = Hangman.app; sourceTree = BUILT_PRODUCTS_DIR; };
		3FF7C8A91BFE6086000DFE01 /* Info.plist */ = {isa = PBXFileReference; lastKnownFileType = text.plist.xml; path = Info.plist; sourceTree = "<group>"; };
		3FF7C8AA1BFE6086000DFE01 /* AppDelegate.swift */ = {isa = PBXFileReference; lastKnownFileType = sourcecode.swift; path = AppDelegate.swift; sourceTree = "<group>"; };
		3FF7C8AC1BFE6086000DFE01 /* ViewController.swift */ = {isa = PBXFileReference; lastKnownFileType = sourcecode.swift; path = ViewController.swift; sourceTree = "<group>"; };
		3FF7C8AF1BFE6086000DFE01 /* Base */ = {isa = PBXFileReference; lastKnownFileType = file.storyboard; name = Base; path = Base.lproj/Main.storyboard; sourceTree = "<group>"; };
		3FF7C8B11BFE6086000DFE01 /* Images.xcassets */ = {isa = PBXFileReference; lastKnownFileType = folder.assetcatalog; path = Images.xcassets; sourceTree = "<group>"; };
		3FF7C8B41BFE6086000DFE01 /* Base */ = {isa = PBXFileReference; lastKnownFileType = file.xib; name = Base; path = Base.lproj/LaunchScreen.xib; sourceTree = "<group>"; };
		3FF7C8BA1BFE6086000DFE01 /* HangmanTests.xctest */ = {isa = PBXFileReference; explicitFileType = wrapper.cfbundle; includeInIndex = 0; path = HangmanTests.xctest; sourceTree = BUILT_PRODUCTS_DIR; };
		3FF7C8BF1BFE6086000DFE01 /* Info.plist */ = {isa = PBXFileReference; lastKnownFileType = text.plist.xml; path = Info.plist; sourceTree = "<group>"; };
		3FF7C8C01BFE6086000DFE01 /* HangmanTests.swift */ = {isa = PBXFileReference; lastKnownFileType = sourcecode.swift; path = HangmanTests.swift; sourceTree = "<group>"; };
		3FF7C8CA1BFF7CF4000DFE01 /* NextViewController.swift */ = {isa = PBXFileReference; fileEncoding = 4; lastKnownFileType = sourcecode.swift; path = NextViewController.swift; sourceTree = "<group>"; };
/* End PBXFileReference section */

/* Begin PBXFrameworksBuildPhase section */
		3FF7C8A21BFE6086000DFE01 /* Frameworks */ = {
			isa = PBXFrameworksBuildPhase;
			buildActionMask = 2147483647;
			files = (
			);
			runOnlyForDeploymentPostprocessing = 0;
		};
		3FF7C8B71BFE6086000DFE01 /* Frameworks */ = {
			isa = PBXFrameworksBuildPhase;
			buildActionMask = 2147483647;
			files = (
			);
			runOnlyForDeploymentPostprocessing = 0;
		};
/* End PBXFrameworksBuildPhase section */

/* Begin PBXGroup section */
		3FF7C89C1BFE6086000DFE01 = {
			isa = PBXGroup;
			children = (
				3FF7C8A71BFE6086000DFE01 /* Hangman */,
				3FF7C8BD1BFE6086000DFE01 /* HangmanTests */,
				3FF7C8A61BFE6086000DFE01 /* Products */,
			);
			sourceTree = "<group>";
		};
		3FF7C8A61BFE6086000DFE01 /* Products */ = {
			isa = PBXGroup;
			children = (
				3FF7C8A51BFE6086000DFE01 /* Hangman.app */,
				3FF7C8BA1BFE6086000DFE01 /* HangmanTests.xctest */,
			);
			name = Products;
			sourceTree = "<group>";
		};
		3FF7C8A71BFE6086000DFE01 /* Hangman */ = {
			isa = PBXGroup;
			children = (
				3FF7C8AA1BFE6086000DFE01 /* AppDelegate.swift */,
				3FF7C8AC1BFE6086000DFE01 /* ViewController.swift */,
				3FF7C8CA1BFF7CF4000DFE01 /* NextViewController.swift */,
				3FF7C8AE1BFE6086000DFE01 /* Main.storyboard */,
				3FF7C8B11BFE6086000DFE01 /* Images.xcassets */,
				3FF7C8B31BFE6086000DFE01 /* LaunchScreen.xib */,
				3FF7C8A81BFE6086000DFE01 /* Supporting Files */,
			);
			path = Hangman;
			sourceTree = "<group>";
		};
		3FF7C8A81BFE6086000DFE01 /* Supporting Files */ = {
			isa = PBXGroup;
			children = (
				3FF7C8A91BFE6086000DFE01 /* Info.plist */,
			);
			name = "Supporting Files";
			sourceTree = "<group>";
		};
		3FF7C8BD1BFE6086000DFE01 /* HangmanTests */ = {
			isa = PBXGroup;
			children = (
				3FF7C8C01BFE6086000DFE01 /* HangmanTests.swift */,
				3FF7C8BE1BFE6086000DFE01 /* Supporting Files */,
			);
			path = HangmanTests;
			sourceTree = "<group>";
		};
		3FF7C8BE1BFE6086000DFE01 /* Supporting Files */ = {
			isa = PBXGroup;
			children = (
				3FF7C8BF1BFE6086000DFE01 /* Info.plist */,
			);
			name = "Supporting Files";
			sourceTree = "<group>";
		};
/* End PBXGroup section */

/* Begin PBXNativeTarget section */
		3FF7C8A41BFE6086000DFE01 /* Hangman */ = {
			isa = PBXNativeTarget;
			buildConfigurationList = 3FF7C8C41BFE6086000DFE01 /* Build configuration list for PBXNativeTarget "Hangman" */;
			buildPhases = (
				3FF7C8A11BFE6086000DFE01 /* Sources */,
				3FF7C8A21BFE6086000DFE01 /* Frameworks */,
				3FF7C8A31BFE6086000DFE01 /* Resources */,
			);
			buildRules = (
			);
			dependencies = (
			);
			name = Hangman;
			productName = Hangman;
			productReference = 3FF7C8A51BFE6086000DFE01 /* Hangman.app */;
			productType = "com.apple.product-type.application";
		};
		3FF7C8B91BFE6086000DFE01 /* HangmanTests */ = {
			isa = PBXNativeTarget;
			buildConfigurationList = 3FF7C8C71BFE6086000DFE01 /* Build configuration list for PBXNativeTarget "HangmanTests" */;
			buildPhases = (
				3FF7C8B61BFE6086000DFE01 /* Sources */,
				3FF7C8B71BFE6086000DFE01 /* Frameworks */,
				3FF7C8B81BFE6086000DFE01 /* Resources */,
			);
			buildRules = (
			);
			dependencies = (
				3FF7C8BC1BFE6086000DFE01 /* PBXTargetDependency */,
			);
			name = HangmanTests;
			productName = HangmanTests;
			productReference = 3FF7C8BA1BFE6086000DFE01 /* HangmanTests.xctest */;
			productType = "com.apple.product-type.bundle.unit-test";
		};
/* End PBXNativeTarget section */

/* Begin PBXProject section */
		3FF7C89D1BFE6086000DFE01 /* Project object */ = {
			isa = PBXProject;
			attributes = {
				LastSwiftMigration = 0710;
				LastSwiftUpdateCheck = 0710;
				LastUpgradeCheck = 0640;
				ORGANIZATIONNAME = "Richie Gurgul";
				TargetAttributes = {
					3FF7C8A41BFE6086000DFE01 = {
						CreatedOnToolsVersion = 6.4;
						DevelopmentTeam = 3553PD8SS6;
					};
					3FF7C8B91BFE6086000DFE01 = {
						CreatedOnToolsVersion = 6.4;
						TestTargetID = 3FF7C8A41BFE6086000DFE01;
					};
				};
			};
			buildConfigurationList = 3FF7C8A01BFE6086000DFE01 /* Build configuration list for PBXProject "Hangman" */;
			compatibilityVersion = "Xcode 3.2";
			developmentRegion = English;
			hasScannedForEncodings = 0;
			knownRegions = (
				en,
				Base,
			);
			mainGroup = 3FF7C89C1BFE6086000DFE01;
			productRefGroup = 3FF7C8A61BFE6086000DFE01 /* Products */;
			projectDirPath = "";
			projectRoot = "";
			targets = (
				3FF7C8A41BFE6086000DFE01 /* Hangman */,
				3FF7C8B91BFE6086000DFE01 /* HangmanTests */,
			);
		};
/* End PBXProject section */

/* Begin PBXResourcesBuildPhase section */
		3FF7C8A31BFE6086000DFE01 /* Resources */ = {
			isa = PBXResourcesBuildPhase;
			buildActionMask = 2147483647;
			files = (
				3FF7C8B01BFE6086000DFE01 /* Main.storyboard in Resources */,
				3FF7C8B51BFE6086000DFE01 /* LaunchScreen.xib in Resources */,
				3FF7C8B21BFE6086000DFE01 /* Images.xcassets in Resources */,
			);
			runOnlyForDeploymentPostprocessing = 0;
		};
		3FF7C8B81BFE6086000DFE01 /* Resources */ = {
			isa = PBXResourcesBuildPhase;
			buildActionMask = 2147483647;
			files = (
			);
			runOnlyForDeploymentPostprocessing = 0;
		};
/* End PBXResourcesBuildPhase section */

/* Begin PBXSourcesBuildPhase section */
		3FF7C8A11BFE6086000DFE01 /* Sources */ = {
			isa = PBXSourcesBuildPhase;
			buildActionMask = 2147483647;
			files = (
				3FF7C8AD1BFE6086000DFE01 /* ViewController.swift in Sources */,
				3FF7C8AB1BFE6086000DFE01 /* AppDelegate.swift in Sources */,
				3FF7C8CB1BFF7CF4000DFE01 /* NextViewController.swift in Sources */,
			);
			runOnlyForDeploymentPostprocessing = 0;
		};
		3FF7C8B61BFE6086000DFE01 /* Sources */ = {
			isa = PBXSourcesBuildPhase;
			buildActionMask = 2147483647;
			files = (
				3FF7C8C11BFE6086000DFE01 /* HangmanTests.swift in Sources */,
			);
			runOnlyForDeploymentPostprocessing = 0;
		};
/* End PBXSourcesBuildPhase section */

/* Begin PBXTargetDependency section */
		3FF7C8BC1BFE6086000DFE01 /* PBXTargetDependency */ = {
			isa = PBXTargetDependency;
			target = 3FF7C8A41BFE6086000DFE01 /* Hangman */;
			targetProxy = 3FF7C8BB1BFE6086000DFE01 /* PBXContainerItemProxy */;
		};
/* End PBXTargetDependency section */

/* Begin PBXVariantGroup section */
		3FF7C8AE1BFE6086000DFE01 /* Main.storyboard */ = {
			isa = PBXVariantGroup;
			children = (
				3FF7C8AF1BFE6086000DFE01 /* Base */,
			);
			name = Main.storyboard;
			sourceTree = "<group>";
		};
		3FF7C8B31BFE6086000DFE01 /* LaunchScreen.xib */ = {
			isa = PBXVariantGroup;
			children = (
				3FF7C8B41BFE6086000DFE01 /* Base */,
			);
			name = LaunchScreen.xib;
			sourceTree = "<group>";
		};
/* End PBXVariantGroup section */

/* Begin XCBuildConfiguration section */
		3FF7C8C21BFE6086000DFE01 /* Debug */ = {
			isa = XCBuildConfiguration;
			buildSettings = {
				ALWAYS_SEARCH_USER_PATHS = NO;
				CLANG_CXX_LANGUAGE_STANDARD = "gnu++0x";
				CLANG_CXX_LIBRARY = "libc++";
				CLANG_ENABLE_MODULES = YES;
				CLANG_ENABLE_OBJC_ARC = YES;
				CLANG_WARN_BOOL_CONVERSION = YES;
				CLANG_WARN_CONSTANT_CONVERSION = YES;
				CLANG_WARN_DIRECT_OBJC_ISA_USAGE = YES_ERROR;
				CLANG_WARN_EMPTY_BODY = YES;
				CLANG_WARN_ENUM_CONVERSION = YES;
				CLANG_WARN_INT_CONVERSION = YES;
				CLANG_WARN_OBJC_ROOT_CLASS = YES_ERROR;
				CLANG_WARN_UNREACHABLE_CODE = YES;
				CLANG_WARN__DUPLICATE_METHOD_MATCH = YES;
				"CODE_SIGN_IDENTITY[sdk=iphoneos*]" = "iPhone Developer";
				COPY_PHASE_STRIP = NO;
				DEBUG_INFORMATION_FORMAT = "dwarf-with-dsym";
				ENABLE_STRICT_OBJC_MSGSEND = YES;
				GCC_C_LANGUAGE_STANDARD = gnu99;
				GCC_DYNAMIC_NO_PIC = NO;
				GCC_NO_COMMON_BLOCKS = YES;
				GCC_OPTIMIZATION_LEVEL = 0;
				GCC_PREPROCESSOR_DEFINITIONS = (
					"DEBUG=1",
					"$(inherited)",
				);
				GCC_SYMBOLS_PRIVATE_EXTERN = NO;
				GCC_WARN_64_TO_32_BIT_CONVERSION = YES;
				GCC_WARN_ABOUT_RETURN_TYPE = YES_ERROR;
				GCC_WARN_UNDECLARED_SELECTOR = YES;
				GCC_WARN_UNINITIALIZED_AUTOS = YES_AGGRESSIVE;
				GCC_WARN_UNUSED_FUNCTION = YES;
				GCC_WARN_UNUSED_VARIABLE = YES;
				IPHONEOS_DEPLOYMENT_TARGET = 8.4;
				MTL_ENABLE_DEBUG_INFO = YES;
				ONLY_ACTIVE_ARCH = YES;
				SDKROOT = iphoneos;
				SWIFT_OPTIMIZATION_LEVEL = "-Onone";
				TARGETED_DEVICE_FAMILY = "1,2";
			};
			name = Debug;
		};
		3FF7C8C31BFE6086000DFE01 /* Release */ = {
			isa = XCBuildConfiguration;
			buildSettings = {
				ALWAYS_SEARCH_USER_PATHS = NO;
				CLANG_CXX_LANGUAGE_STANDARD = "gnu++0x";
				CLANG_CXX_LIBRARY = "libc++";
				CLANG_ENABLE_MODULES = YES;
				CLANG_ENABLE_OBJC_ARC = YES;
				CLANG_WARN_BOOL_CONVERSION = YES;
				CLANG_WARN_CONSTANT_CONVERSION = YES;
				CLANG_WARN_DIRECT_OBJC_ISA_USAGE = YES_ERROR;
				CLANG_WARN_EMPTY_BODY = YES;
				CLANG_WARN_ENUM_CONVERSION = YES;
				CLANG_WARN_INT_CONVERSION = YES;
				CLANG_WARN_OBJC_ROOT_CLASS = YES_ERROR;
				CLANG_WARN_UNREACHABLE_CODE = YES;
				CLANG_WARN__DUPLICATE_METHOD_MATCH = YES;
				"CODE_SIGN_IDENTITY[sdk=iphoneos*]" = "iPhone Developer";
				COPY_PHASE_STRIP = NO;
				DEBUG_INFORMATION_FORMAT = "dwarf-with-dsym";
				ENABLE_NS_ASSERTIONS = NO;
				ENABLE_STRICT_OBJC_MSGSEND = YES;
				GCC_C_LANGUAGE_STANDARD = gnu99;
				GCC_NO_COMMON_BLOCKS = YES;
				GCC_WARN_64_TO_32_BIT_CONVERSION = YES;
				GCC_WARN_ABOUT_RETURN_TYPE = YES_ERROR;
				GCC_WARN_UNDECLARED_SELECTOR = YES;
				GCC_WARN_UNINITIALIZED_AUTOS = YES_AGGRESSIVE;
				GCC_WARN_UNUSED_FUNCTION = YES;
				GCC_WARN_UNUSED_VARIABLE = YES;
				IPHONEOS_DEPLOYMENT_TARGET = 8.4;
				MTL_ENABLE_DEBUG_INFO = NO;
				SDKROOT = iphoneos;
				TARGETED_DEVICE_FAMILY = "1,2";
				VALIDATE_PRODUCT = YES;
			};
			name = Release;
		};
		3FF7C8C51BFE6086000DFE01 /* Debug */ = {
			isa = XCBuildConfiguration;
			buildSettings = {
				ASSETCATALOG_COMPILER_APPICON_NAME = AppIcon;
				CODE_SIGN_IDENTITY = "iPhone Developer";
				"CODE_SIGN_IDENTITY[sdk=iphoneos*]" = "iPhone Developer";
				INFOPLIST_FILE = Hangman/Info.plist;
				LD_RUNPATH_SEARCH_PATHS = "$(inherited) @executable_path/Frameworks";
				PRODUCT_NAME = "$(TARGET_NAME)";
				PROVISIONING_PROFILE = "";
			};
			name = Debug;
		};
		3FF7C8C61BFE6086000DFE01 /* Release */ = {
			isa = XCBuildConfiguration;
			buildSettings = {
				ASSETCATALOG_COMPILER_APPICON_NAME = AppIcon;
				CODE_SIGN_IDENTITY = "iPhone Developer";
				"CODE_SIGN_IDENTITY[sdk=iphoneos*]" = "iPhone Developer";
				INFOPLIST_FILE = Hangman/Info.plist;
				LD_RUNPATH_SEARCH_PATHS = "$(inherited) @executable_path/Frameworks";
				PRODUCT_NAME = "$(TARGET_NAME)";
				PROVISIONING_PROFILE = "";
			};
			name = Release;
		};
		3FF7C8C81BFE6086000DFE01 /* Debug */ = {
			isa = XCBuildConfiguration;
			buildSettings = {
				BUNDLE_LOADER = "$(TEST_HOST)";
				FRAMEWORK_SEARCH_PATHS = (
					"$(SDKROOT)/Developer/Library/Frameworks",
					"$(inherited)",
				);
				GCC_PREPROCESSOR_DEFINITIONS = (
					"DEBUG=1",
					"$(inherited)",
				);
				INFOPLIST_FILE = HangmanTests/Info.plist;
				LD_RUNPATH_SEARCH_PATHS = "$(inherited) @executable_path/Frameworks @loader_path/Frameworks";
				PRODUCT_NAME = "$(TARGET_NAME)";
				TEST_HOST = "$(BUILT_PRODUCTS_DIR)/Hangman.app/Hangman";
			};
			name = Debug;
		};
		3FF7C8C91BFE6086000DFE01 /* Release */ = {
			isa = XCBuildConfiguration;
			buildSettings = {
				BUNDLE_LOADER = "$(TEST_HOST)";
				FRAMEWORK_SEARCH_PATHS = (
					"$(SDKROOT)/Developer/Library/Frameworks",
					"$(inherited)",
				);
				INFOPLIST_FILE = HangmanTests/Info.plist;
				LD_RUNPATH_SEARCH_PATHS = "$(inherited) @executable_path/Frameworks @loader_path/Frameworks";
				PRODUCT_NAME = "$(TARGET_NAME)";
				TEST_HOST = "$(BUILT_PRODUCTS_DIR)/Hangman.app/Hangman";
			};
			name = Release;
		};
/* End XCBuildConfiguration section */

/* Begin XCConfigurationList section */
		3FF7C8A01BFE6086000DFE01 /* Build configuration list for PBXProject "Hangman" */ = {
			isa = XCConfigurationList;
			buildConfigurations = (
				3FF7C8C21BFE6086000DFE01 /* Debug */,
				3FF7C8C31BFE6086000DFE01 /* Release */,
			);
			defaultConfigurationIsVisible = 0;
			defaultConfigurationName = Release;
		};
		3FF7C8C41BFE6086000DFE01 /* Build configuration list for PBXNativeTarget "Hangman" */ = {
			isa = XCConfigurationList;
			buildConfigurations = (
				3FF7C8C51BFE6086000DFE01 /* Debug */,
				3FF7C8C61BFE6086000DFE01 /* Release */,
			);
			defaultConfigurationIsVisible = 0;
			defaultConfigurationName = Release;
		};
		3FF7C8C71BFE6086000DFE01 /* Build configuration list for PBXNativeTarget "HangmanTests" */ = {
			isa = XCConfigurationList;
			buildConfigurations = (
				3FF7C8C81BFE6086000DFE01 /* Debug */,
				3FF7C8C91BFE6086000DFE01 /* Release */,
			);
			defaultConfigurationIsVisible = 0;
			defaultConfigurationName = Release;
		};
/* End XCConfigurationList section */
	};
	rootObject = 3FF7C89D1BFE6086000DFE01 /* Project object */;
}
